
Microsoft Visual Studio Solution File, Format Version 12.00
# Visual Studio 15
VisualStudioVersion = 15.0.28010.2026
MinimumVisualStudioVersion = 10.0.40219.1
Project("{FAE04EC0-301F-11D3-BF4B-00C04F79EFBC}") = "CruiseSafe DB Uploader", "CruiseSafe DB Uploader\CruiseSafe DB Uploader.csproj", "{681874C9-9EAE-41F3-A6CB-3B216D952692}"
EndProject
Global
	GlobalSection(SolutionConfigurationPlatforms) = preSolution
		Debug|Any CPU = Debug|Any CPU
		Release|Any CPU = Release|Any CPU
	EndGlobalSection
	GlobalSection(ProjectConfigurationPlatforms) = postSolution
		{681874C9-9EAE-41F3-A6CB-3B216D952692}.Debug|Any CPU.ActiveCfg = Debug|Any CPU
		{681874C9-9EAE-41F3-A6CB-3B216D952692}.Debug|Any CPU.Build.0 = Debug|Any CPU
		{681874C9-9EAE-41F3-A6CB-3B216D952692}.Release|Any CPU.ActiveCfg = Release|Any CPU
		{681874C9-9EAE-41F3-A6CB-3B216D952692}.Release|Any CPU.Build.0 = Release|Any CPU
	EndGlobalSection
	GlobalSection(SolutionProperties) = preSolution
		HideSolutionNode = FALSE
	EndGlobalSection
	GlobalSection(ExtensibilityGlobals) = postSolution
		SolutionGuid = {0C1D31E3-B835-48DA-9DE1-67F5D102E6CA}
	EndGlobalSection
EndGlobal
